// !$*UTF8*$!
{
	archiveVersion = 1;
	classes = {
	};
	objectVersion = 46;
	objects = {

/* Begin PBXBuildFile section */
		137954B922E9FFBD0071F36E /* Skylark2.json in Resources */ = {isa = PBXBuildFile; fileRef = 137954B022E9F53E0071F36E /* Skylark2.json */; };
		137954BA22E9FFC00071F36E /* Skylark-Map.json in Resources */ = {isa = PBXBuildFile; fileRef = 137954B222E9F55D0071F36E /* Skylark-Map.json */; };
		137954BB22E9FFC30071F36E /* Skylark-Steps.json in Resources */ = {isa = PBXBuildFile; fileRef = 137954B422E9F56C0071F36E /* Skylark-Steps.json */; };
		137954BC22E9FFC60071F36E /* Skylark-Contexts.json in Resources */ = {isa = PBXBuildFile; fileRef = 137954B622E9F5990071F36E /* Skylark-Contexts.json */; };
		13E09BA721701C6A00E5796E /* Skylark_UITests.swift in Sources */ = {isa = PBXBuildFile; fileRef = 13E09BA621701C6A00E5796E /* Skylark_UITests.swift */; };
		13E09BAF21701CAC00E5796E /* Skylark.framework in Frameworks */ = {isa = PBXBuildFile; fileRef = 13E09BAE21701CAC00E5796E /* Skylark.framework */; };
		13E09BBE2170B4C800E5796E /* Main.feature in Resources */ = {isa = PBXBuildFile; fileRef = 13E09B922170138000E5796E /* Main.feature */; };
		13E09BC22170C0FB00E5796E /* Main.screen in Resources */ = {isa = PBXBuildFile; fileRef = 13E09B902170137100E5796E /* Main.screen */; };
		607FACD61AFB9204008FA782 /* AppDelegate.swift in Sources */ = {isa = PBXBuildFile; fileRef = 607FACD51AFB9204008FA782 /* AppDelegate.swift */; };
		607FACD81AFB9204008FA782 /* ViewController.swift in Sources */ = {isa = PBXBuildFile; fileRef = 607FACD71AFB9204008FA782 /* ViewController.swift */; };
		607FACDB1AFB9204008FA782 /* Main.storyboard in Resources */ = {isa = PBXBuildFile; fileRef = 607FACD91AFB9204008FA782 /* Main.storyboard */; };
		607FACDD1AFB9204008FA782 /* Images.xcassets in Resources */ = {isa = PBXBuildFile; fileRef = 607FACDC1AFB9204008FA782 /* Images.xcassets */; };
		607FACE01AFB9204008FA782 /* LaunchScreen.xib in Resources */ = {isa = PBXBuildFile; fileRef = 607FACDE1AFB9204008FA782 /* LaunchScreen.xib */; };
/* End PBXBuildFile section */

/* Begin PBXContainerItemProxy section */
		13E09BA921701C6A00E5796E /* PBXContainerItemProxy */ = {
			isa = PBXContainerItemProxy;
			containerPortal = 607FACC81AFB9204008FA782 /* Project object */;
			proxyType = 1;
			remoteGlobalIDString = 607FACCF1AFB9204008FA782;
			remoteInfo = Skylark_Example;
		};
/* End PBXContainerItemProxy section */

/* Begin PBXFileReference section */
		0CC4EBEB0150147889C7C003 /* README.md */ = {isa = PBXFileReference; includeInIndex = 1; lastKnownFileType = net.daringfireball.markdown; name = README.md; path = ../README.md; sourceTree = "<group>"; };
		137954B022E9F53E0071F36E /* Skylark2.json */ = {isa = PBXFileReference; lastKnownFileType = text.json; path = Skylark2.json; sourceTree = "<group>"; };
		137954B222E9F55D0071F36E /* Skylark-Map.json */ = {isa = PBXFileReference; lastKnownFileType = text.json; path = "Skylark-Map.json"; sourceTree = "<group>"; };
		137954B422E9F56C0071F36E /* Skylark-Steps.json */ = {isa = PBXFileReference; lastKnownFileType = text.json; path = "Skylark-Steps.json"; sourceTree = "<group>"; };
		137954B622E9F5990071F36E /* Skylark-Contexts.json */ = {isa = PBXFileReference; lastKnownFileType = text.json; path = "Skylark-Contexts.json"; sourceTree = "<group>"; };
		13E09B77217002B600E5796E /* Pods_Skylark_Example.framework */ = {isa = PBXFileReference; explicitFileType = wrapper.framework; path = Pods_Skylark_Example.framework; sourceTree = BUILT_PRODUCTS_DIR; };
		13E09B79217002C100E5796E /* Pods_Skylark_Tests.framework */ = {isa = PBXFileReference; explicitFileType = wrapper.framework; path = Pods_Skylark_Tests.framework; sourceTree = BUILT_PRODUCTS_DIR; };
		13E09B7B217002E800E5796E /* Skylark.framework */ = {isa = PBXFileReference; explicitFileType = wrapper.framework; path = Skylark.framework; sourceTree = BUILT_PRODUCTS_DIR; };
		13E09B7D2170043200E5796E /* Pods_Skylark_Example.framework */ = {isa = PBXFileReference; explicitFileType = wrapper.framework; path = Pods_Skylark_Example.framework; sourceTree = BUILT_PRODUCTS_DIR; };
		13E09B8221700AC400E5796E /* Skylark.framework */ = {isa = PBXFileReference; explicitFileType = wrapper.framework; path = Skylark.framework; sourceTree = BUILT_PRODUCTS_DIR; };
		13E09B8421700ADE00E5796E /* Pods_Skylark_Tests.framework */ = {isa = PBXFileReference; explicitFileType = wrapper.framework; path = Pods_Skylark_Tests.framework; sourceTree = BUILT_PRODUCTS_DIR; };
		13E09B8621700EC300E5796E /* Skylark.framework */ = {isa = PBXFileReference; explicitFileType = wrapper.framework; path = Skylark.framework; sourceTree = BUILT_PRODUCTS_DIR; };
		13E09B902170137100E5796E /* Main.screen */ = {isa = PBXFileReference; fileEncoding = 4; lastKnownFileType = text; name = Main.screen; path = "Skylark_UITests/Supporting Files/Page Definitions/Main.screen"; sourceTree = SOURCE_ROOT; };
		13E09B922170138000E5796E /* Main.feature */ = {isa = PBXFileReference; fileEncoding = 4; lastKnownFileType = text; name = Main.feature; path = "Skylark_UITests/Supporting Files/Feature Files/Main.feature"; sourceTree = SOURCE_ROOT; };
		13E09B942170146000E5796E /* Pods_Skylark_Example.framework */ = {isa = PBXFileReference; explicitFileType = wrapper.framework; path = Pods_Skylark_Example.framework; sourceTree = BUILT_PRODUCTS_DIR; };
		13E09B962170155B00E5796E /* Pods_Skylark_Tests.framework */ = {isa = PBXFileReference; explicitFileType = wrapper.framework; path = Pods_Skylark_Tests.framework; sourceTree = BUILT_PRODUCTS_DIR; };
		13E09B98217015BE00E5796E /* Skylark.framework */ = {isa = PBXFileReference; explicitFileType = wrapper.framework; path = Skylark.framework; sourceTree = BUILT_PRODUCTS_DIR; };
		13E09B9A217019BF00E5796E /* XCTest.framework */ = {isa = PBXFileReference; lastKnownFileType = wrapper.framework; name = XCTest.framework; path = Platforms/iPhoneOS.platform/Developer/Library/Frameworks/XCTest.framework; sourceTree = DEVELOPER_DIR; };
		13E09B9C21701A6A00E5796E /* Pods_Skylark_Tests.framework */ = {isa = PBXFileReference; explicitFileType = wrapper.framework; path = Pods_Skylark_Tests.framework; sourceTree = BUILT_PRODUCTS_DIR; };
		13E09B9E21701A7900E5796E /* Pods_Skylark_Example.framework */ = {isa = PBXFileReference; explicitFileType = wrapper.framework; path = Pods_Skylark_Example.framework; sourceTree = BUILT_PRODUCTS_DIR; };
		13E09BA421701C6900E5796E /* Skylark_UITests.xctest */ = {isa = PBXFileReference; explicitFileType = wrapper.cfbundle; includeInIndex = 0; path = Skylark_UITests.xctest; sourceTree = BUILT_PRODUCTS_DIR; };
		13E09BA621701C6A00E5796E /* Skylark_UITests.swift */ = {isa = PBXFileReference; lastKnownFileType = sourcecode.swift; path = Skylark_UITests.swift; sourceTree = "<group>"; };
		13E09BA821701C6A00E5796E /* Info.plist */ = {isa = PBXFileReference; lastKnownFileType = text.plist.xml; path = Info.plist; sourceTree = "<group>"; };
		13E09BAE21701CAC00E5796E /* Skylark.framework */ = {isa = PBXFileReference; explicitFileType = wrapper.framework; path = Skylark.framework; sourceTree = BUILT_PRODUCTS_DIR; };
		2C19D897BAEDE7F2856ADE46 /* Skylark.podspec */ = {isa = PBXFileReference; includeInIndex = 1; lastKnownFileType = text; name = Skylark.podspec; path = ../Skylark.podspec; sourceTree = "<group>"; xcLanguageSpecificationIdentifier = xcode.lang.ruby; };
		3735470541D724B9B037A565 /* Pods-Skylark_Example.debug.xcconfig */ = {isa = PBXFileReference; includeInIndex = 1; lastKnownFileType = text.xcconfig; name = "Pods-Skylark_Example.debug.xcconfig"; path = "Pods/Target Support Files/Pods-Skylark_Example/Pods-Skylark_Example.debug.xcconfig"; sourceTree = "<group>"; };
		607FACD01AFB9204008FA782 /* Skylark_Example.app */ = {isa = PBXFileReference; explicitFileType = wrapper.application; includeInIndex = 0; path = Skylark_Example.app; sourceTree = BUILT_PRODUCTS_DIR; };
		607FACD41AFB9204008FA782 /* Info.plist */ = {isa = PBXFileReference; lastKnownFileType = text.plist.xml; path = Info.plist; sourceTree = "<group>"; };
		607FACD51AFB9204008FA782 /* AppDelegate.swift */ = {isa = PBXFileReference; lastKnownFileType = sourcecode.swift; path = AppDelegate.swift; sourceTree = "<group>"; };
		607FACD71AFB9204008FA782 /* ViewController.swift */ = {isa = PBXFileReference; lastKnownFileType = sourcecode.swift; path = ViewController.swift; sourceTree = "<group>"; };
		607FACDA1AFB9204008FA782 /* Base */ = {isa = PBXFileReference; lastKnownFileType = file.storyboard; name = Base; path = Base.lproj/Main.storyboard; sourceTree = "<group>"; };
		607FACDC1AFB9204008FA782 /* Images.xcassets */ = {isa = PBXFileReference; lastKnownFileType = folder.assetcatalog; path = Images.xcassets; sourceTree = "<group>"; };
		607FACDF1AFB9204008FA782 /* Base */ = {isa = PBXFileReference; lastKnownFileType = file.xib; name = Base; path = Base.lproj/LaunchScreen.xib; sourceTree = "<group>"; };
		7AE6E7C987E478CC7C88FF74 /* Pods_Skylark_Tests.framework */ = {isa = PBXFileReference; explicitFileType = wrapper.framework; includeInIndex = 0; path = Pods_Skylark_Tests.framework; sourceTree = BUILT_PRODUCTS_DIR; };
		96BDA35B5C33EF86FCBF7293 /* Pods_Skylark_Example.framework */ = {isa = PBXFileReference; explicitFileType = wrapper.framework; includeInIndex = 0; path = Pods_Skylark_Example.framework; sourceTree = BUILT_PRODUCTS_DIR; };
		B3874638B234E2A172FC2380 /* Pods-Skylark_Tests.release.xcconfig */ = {isa = PBXFileReference; includeInIndex = 1; lastKnownFileType = text.xcconfig; name = "Pods-Skylark_Tests.release.xcconfig"; path = "Pods/Target Support Files/Pods-Skylark_Tests/Pods-Skylark_Tests.release.xcconfig"; sourceTree = "<group>"; };
		D2F63A5054D34E96EE3EA726 /* Pods-Skylark_Example.release.xcconfig */ = {isa = PBXFileReference; includeInIndex = 1; lastKnownFileType = text.xcconfig; name = "Pods-Skylark_Example.release.xcconfig"; path = "Pods/Target Support Files/Pods-Skylark_Example/Pods-Skylark_Example.release.xcconfig"; sourceTree = "<group>"; };
		D3BC32003931DEA07858F215 /* Pods-Skylark_Tests.debug.xcconfig */ = {isa = PBXFileReference; includeInIndex = 1; lastKnownFileType = text.xcconfig; name = "Pods-Skylark_Tests.debug.xcconfig"; path = "Pods/Target Support Files/Pods-Skylark_Tests/Pods-Skylark_Tests.debug.xcconfig"; sourceTree = "<group>"; };
		E76E3D574A36E130B631D255 /* LICENSE */ = {isa = PBXFileReference; includeInIndex = 1; lastKnownFileType = text; name = LICENSE; path = ../LICENSE; sourceTree = "<group>"; };
/* End PBXFileReference section */

/* Begin PBXFrameworksBuildPhase section */
		13E09BA121701C6900E5796E /* Frameworks */ = {
			isa = PBXFrameworksBuildPhase;
			buildActionMask = 2147483647;
			files = (
				13E09BAF21701CAC00E5796E /* Skylark.framework in Frameworks */,
			);
			runOnlyForDeploymentPostprocessing = 0;
		};
		607FACCD1AFB9204008FA782 /* Frameworks */ = {
			isa = PBXFrameworksBuildPhase;
			buildActionMask = 2147483647;
			files = (
			);
			runOnlyForDeploymentPostprocessing = 0;
		};
/* End PBXFrameworksBuildPhase section */

/* Begin PBXGroup section */
		08E20613AC08D54511F52546 /* Pods */ = {
			isa = PBXGroup;
			children = (
				3735470541D724B9B037A565 /* Pods-Skylark_Example.debug.xcconfig */,
				D2F63A5054D34E96EE3EA726 /* Pods-Skylark_Example.release.xcconfig */,
				D3BC32003931DEA07858F215 /* Pods-Skylark_Tests.debug.xcconfig */,
				B3874638B234E2A172FC2380 /* Pods-Skylark_Tests.release.xcconfig */,
			);
			name = Pods;
			sourceTree = "<group>";
		};
		13E09BA521701C6A00E5796E /* Skylark_UITests */ = {
			isa = PBXGroup;
			children = (
				13E09BB42170B26400E5796E /* Supporting Files */,
				13E09BA621701C6A00E5796E /* Skylark_UITests.swift */,
				13E09BA821701C6A00E5796E /* Info.plist */,
			);
			path = Skylark_UITests;
			sourceTree = "<group>";
		};
		13E09BB42170B26400E5796E /* Supporting Files */ = {
			isa = PBXGroup;
			children = (
				137954B022E9F53E0071F36E /* Skylark2.json */,
				137954B222E9F55D0071F36E /* Skylark-Map.json */,
				137954B422E9F56C0071F36E /* Skylark-Steps.json */,
				137954B622E9F5990071F36E /* Skylark-Contexts.json */,
				13E09BB62170B27A00E5796E /* Page Definitions */,
				13E09BB52170B27100E5796E /* Feature Files */,
			);
			path = "Supporting Files";
			sourceTree = "<group>";
		};
		13E09BB52170B27100E5796E /* Feature Files */ = {
			isa = PBXGroup;
			children = (
				13E09B922170138000E5796E /* Main.feature */,
			);
			path = "Feature Files";
			sourceTree = "<group>";
		};
		13E09BB62170B27A00E5796E /* Page Definitions */ = {
			isa = PBXGroup;
			children = (
				13E09B902170137100E5796E /* Main.screen */,
			);
			path = "Page Definitions";
			sourceTree = "<group>";
		};
		148C01E6103998CF829D1AFB /* Frameworks */ = {
			isa = PBXGroup;
			children = (
				13E09BAE21701CAC00E5796E /* Skylark.framework */,
				13E09B9E21701A7900E5796E /* Pods_Skylark_Example.framework */,
				13E09B9C21701A6A00E5796E /* Pods_Skylark_Tests.framework */,
				13E09B9A217019BF00E5796E /* XCTest.framework */,
				13E09B98217015BE00E5796E /* Skylark.framework */,
				13E09B962170155B00E5796E /* Pods_Skylark_Tests.framework */,
				13E09B942170146000E5796E /* Pods_Skylark_Example.framework */,
				13E09B8621700EC300E5796E /* Skylark.framework */,
				13E09B8421700ADE00E5796E /* Pods_Skylark_Tests.framework */,
				13E09B8221700AC400E5796E /* Skylark.framework */,
				13E09B7D2170043200E5796E /* Pods_Skylark_Example.framework */,
				13E09B7B217002E800E5796E /* Skylark.framework */,
				13E09B79217002C100E5796E /* Pods_Skylark_Tests.framework */,
				13E09B77217002B600E5796E /* Pods_Skylark_Example.framework */,
				96BDA35B5C33EF86FCBF7293 /* Pods_Skylark_Example.framework */,
				7AE6E7C987E478CC7C88FF74 /* Pods_Skylark_Tests.framework */,
			);
			name = Frameworks;
			sourceTree = "<group>";
		};
		607FACC71AFB9204008FA782 = {
			isa = PBXGroup;
			children = (
				607FACF51AFB993E008FA782 /* Podspec Metadata */,
				607FACD21AFB9204008FA782 /* Example for Skylark */,
				13E09BA521701C6A00E5796E /* Skylark_UITests */,
				607FACD11AFB9204008FA782 /* Products */,
				08E20613AC08D54511F52546 /* Pods */,
				148C01E6103998CF829D1AFB /* Frameworks */,
			);
			sourceTree = "<group>";
		};
		607FACD11AFB9204008FA782 /* Products */ = {
			isa = PBXGroup;
			children = (
				607FACD01AFB9204008FA782 /* Skylark_Example.app */,
				13E09BA421701C6900E5796E /* Skylark_UITests.xctest */,
			);
			name = Products;
			sourceTree = "<group>";
		};
		607FACD21AFB9204008FA782 /* Example for Skylark */ = {
			isa = PBXGroup;
			children = (
				607FACD51AFB9204008FA782 /* AppDelegate.swift */,
				607FACD71AFB9204008FA782 /* ViewController.swift */,
				607FACD91AFB9204008FA782 /* Main.storyboard */,
				607FACDC1AFB9204008FA782 /* Images.xcassets */,
				607FACDE1AFB9204008FA782 /* LaunchScreen.xib */,
				607FACD31AFB9204008FA782 /* Supporting Files */,
			);
			name = "Example for Skylark";
			path = Skylark;
			sourceTree = "<group>";
		};
		607FACD31AFB9204008FA782 /* Supporting Files */ = {
			isa = PBXGroup;
			children = (
				607FACD41AFB9204008FA782 /* Info.plist */,
			);
			name = "Supporting Files";
			sourceTree = "<group>";
		};
		607FACF51AFB993E008FA782 /* Podspec Metadata */ = {
			isa = PBXGroup;
			children = (
				2C19D897BAEDE7F2856ADE46 /* Skylark.podspec */,
				0CC4EBEB0150147889C7C003 /* README.md */,
				E76E3D574A36E130B631D255 /* LICENSE */,
			);
			name = "Podspec Metadata";
			sourceTree = "<group>";
		};
/* End PBXGroup section */

/* Begin PBXNativeTarget section */
		13E09BA321701C6900E5796E /* Skylark_UITests */ = {
			isa = PBXNativeTarget;
			buildConfigurationList = 13E09BAB21701C6A00E5796E /* Build configuration list for PBXNativeTarget "Skylark_UITests" */;
			buildPhases = (
				13E09BA021701C6900E5796E /* Sources */,
				13E09BA121701C6900E5796E /* Frameworks */,
				13E09BA221701C6900E5796E /* Resources */,
			);
			buildRules = (
			);
			dependencies = (
				13E09BAA21701C6A00E5796E /* PBXTargetDependency */,
			);
			name = Skylark_UITests;
			productName = Skylark_UITests;
			productReference = 13E09BA421701C6900E5796E /* Skylark_UITests.xctest */;
			productType = "com.apple.product-type.bundle.ui-testing";
		};
		607FACCF1AFB9204008FA782 /* Skylark_Example */ = {
			isa = PBXNativeTarget;
			buildConfigurationList = 607FACEF1AFB9204008FA782 /* Build configuration list for PBXNativeTarget "Skylark_Example" */;
			buildPhases = (
				607FACCC1AFB9204008FA782 /* Sources */,
				607FACCD1AFB9204008FA782 /* Frameworks */,
				607FACCE1AFB9204008FA782 /* Resources */,
			);
			buildRules = (
			);
			dependencies = (
			);
			name = Skylark_Example;
			productName = Skylark;
			productReference = 607FACD01AFB9204008FA782 /* Skylark_Example.app */;
			productType = "com.apple.product-type.application";
		};
/* End PBXNativeTarget section */

/* Begin PBXProject section */
		607FACC81AFB9204008FA782 /* Project object */ = {
			isa = PBXProject;
			attributes = {
				LastSwiftUpdateCheck = 1000;
				LastUpgradeCheck = 1020;
				ORGANIZATIONNAME = CocoaPods;
				TargetAttributes = {
					13E09BA321701C6900E5796E = {
						CreatedOnToolsVersion = 10.0;
						LastSwiftMigration = 1020;
						ProvisioningStyle = Automatic;
						TestTargetID = 607FACCF1AFB9204008FA782;
					};
					607FACCF1AFB9204008FA782 = {
						CreatedOnToolsVersion = 6.3.1;
						LastSwiftMigration = 1020;
					};
				};
			};
			buildConfigurationList = 607FACCB1AFB9204008FA782 /* Build configuration list for PBXProject "Skylark" */;
			compatibilityVersion = "Xcode 3.2";
			developmentRegion = en;
			hasScannedForEncodings = 0;
			knownRegions = (
				en,
				Base,
			);
			mainGroup = 607FACC71AFB9204008FA782;
			productRefGroup = 607FACD11AFB9204008FA782 /* Products */;
			projectDirPath = "";
			projectRoot = "";
			targets = (
				607FACCF1AFB9204008FA782 /* Skylark_Example */,
				13E09BA321701C6900E5796E /* Skylark_UITests */,
			);
		};
/* End PBXProject section */

/* Begin PBXResourcesBuildPhase section */
		13E09BA221701C6900E5796E /* Resources */ = {
			isa = PBXResourcesBuildPhase;
			buildActionMask = 2147483647;
			files = (
				137954BA22E9FFC00071F36E /* Skylark-Map.json in Resources */,
				13E09BC22170C0FB00E5796E /* Main.screen in Resources */,
				137954B922E9FFBD0071F36E /* Skylark2.json in Resources */,
				13E09BBE2170B4C800E5796E /* Main.feature in Resources */,
				137954BB22E9FFC30071F36E /* Skylark-Steps.json in Resources */,
				137954BC22E9FFC60071F36E /* Skylark-Contexts.json in Resources */,
			);
			runOnlyForDeploymentPostprocessing = 0;
		};
		607FACCE1AFB9204008FA782 /* Resources */ = {
			isa = PBXResourcesBuildPhase;
			buildActionMask = 2147483647;
			files = (
				607FACDB1AFB9204008FA782 /* Main.storyboard in Resources */,
				607FACE01AFB9204008FA782 /* LaunchScreen.xib in Resources */,
				607FACDD1AFB9204008FA782 /* Images.xcassets in Resources */,
			);
			runOnlyForDeploymentPostprocessing = 0;
		};
/* End PBXResourcesBuildPhase section */

/* Begin PBXSourcesBuildPhase section */
		13E09BA021701C6900E5796E /* Sources */ = {
			isa = PBXSourcesBuildPhase;
			buildActionMask = 2147483647;
			files = (
				13E09BA721701C6A00E5796E /* Skylark_UITests.swift in Sources */,
			);
			runOnlyForDeploymentPostprocessing = 0;
		};
		607FACCC1AFB9204008FA782 /* Sources */ = {
			isa = PBXSourcesBuildPhase;
			buildActionMask = 2147483647;
			files = (
				607FACD81AFB9204008FA782 /* ViewController.swift in Sources */,
				607FACD61AFB9204008FA782 /* AppDelegate.swift in Sources */,
			);
			runOnlyForDeploymentPostprocessing = 0;
		};
/* End PBXSourcesBuildPhase section */

/* Begin PBXTargetDependency section */
		13E09BAA21701C6A00E5796E /* PBXTargetDependency */ = {
			isa = PBXTargetDependency;
			target = 607FACCF1AFB9204008FA782 /* Skylark_Example */;
			targetProxy = 13E09BA921701C6A00E5796E /* PBXContainerItemProxy */;
		};
/* End PBXTargetDependency section */

/* Begin PBXVariantGroup section */
		607FACD91AFB9204008FA782 /* Main.storyboard */ = {
			isa = PBXVariantGroup;
			children = (
				607FACDA1AFB9204008FA782 /* Base */,
			);
			name = Main.storyboard;
			sourceTree = "<group>";
		};
		607FACDE1AFB9204008FA782 /* LaunchScreen.xib */ = {
			isa = PBXVariantGroup;
			children = (
				607FACDF1AFB9204008FA782 /* Base */,
			);
			name = LaunchScreen.xib;
			sourceTree = "<group>";
		};
/* End PBXVariantGroup section */

/* Begin XCBuildConfiguration section */
		13E09BAC21701C6A00E5796E /* Debug */ = {
			isa = XCBuildConfiguration;
			baseConfigurationReference = D3BC32003931DEA07858F215 /* Pods-Skylark_Tests.debug.xcconfig */;
			buildSettings = {
				CLANG_ANALYZER_NONNULL = YES;
				CLANG_ANALYZER_NUMBER_OBJECT_CONVERSION = YES_AGGRESSIVE;
				CLANG_CXX_LANGUAGE_STANDARD = "gnu++14";
				CLANG_ENABLE_OBJC_WEAK = YES;
				CLANG_WARN_DOCUMENTATION_COMMENTS = YES;
				CLANG_WARN_UNGUARDED_AVAILABILITY = YES_AGGRESSIVE;
				CODE_SIGN_IDENTITY = "iPhone Developer";
				CODE_SIGN_STYLE = Automatic;
				DEBUG_INFORMATION_FORMAT = dwarf;
				FRAMEWORK_SEARCH_PATHS = (
					"$(inherited)",
					"${PODS_BUILD_DIR}/$(CONFIGURATION)$(EFFECTIVE_PLATFORM_NAME)/Skylark",
				);
				GCC_C_LANGUAGE_STANDARD = gnu11;
				INFOPLIST_FILE = Skylark_UITests/Info.plist;
				IPHONEOS_DEPLOYMENT_TARGET = 12.0;
				LD_RUNPATH_SEARCH_PATHS = "$(inherited) @executable_path/Frameworks @loader_path/Frameworks";
				MTL_ENABLE_DEBUG_INFO = INCLUDE_SOURCE;
				MTL_FAST_MATH = YES;
				PRODUCT_BUNDLE_IDENTIFIER = "com.rwbutler.skylark.ui-test.Skylark-UITests";
				PRODUCT_NAME = "$(TARGET_NAME)";
				SWIFT_ACTIVE_COMPILATION_CONDITIONS = DEBUG;
				SWIFT_VERSION = 5.0;
				TARGETED_DEVICE_FAMILY = "1,2";
				TEST_TARGET_NAME = Skylark_Example;
			};
			name = Debug;
		};
		13E09BAD21701C6A00E5796E /* Release */ = {
			isa = XCBuildConfiguration;
			buildSettings = {
				CLANG_ANALYZER_NONNULL = YES;
				CLANG_ANALYZER_NUMBER_OBJECT_CONVERSION = YES_AGGRESSIVE;
				CLANG_CXX_LANGUAGE_STANDARD = "gnu++14";
				CLANG_ENABLE_OBJC_WEAK = YES;
				CLANG_WARN_DOCUMENTATION_COMMENTS = YES;
				CLANG_WARN_UNGUARDED_AVAILABILITY = YES_AGGRESSIVE;
				CODE_SIGN_IDENTITY = "iPhone Developer";
				CODE_SIGN_STYLE = Automatic;
				FRAMEWORK_SEARCH_PATHS = (
					"$(inherited)",
					"${PODS_BUILD_DIR}/$(CONFIGURATION)$(EFFECTIVE_PLATFORM_NAME)/Skylark",
				);
				GCC_C_LANGUAGE_STANDARD = gnu11;
				INFOPLIST_FILE = Skylark_UITests/Info.plist;
				IPHONEOS_DEPLOYMENT_TARGET = 12.0;
				LD_RUNPATH_SEARCH_PATHS = "$(inherited) @executable_path/Frameworks @loader_path/Frameworks";
				MTL_FAST_MATH = YES;
				PRODUCT_BUNDLE_IDENTIFIER = "com.rwbutler.skylark.ui-test.Skylark-UITests";
				PRODUCT_NAME = "$(TARGET_NAME)";
				SWIFT_VERSION = 5.0;
				TARGETED_DEVICE_FAMILY = "1,2";
				TEST_TARGET_NAME = Skylark_Example;
			};
			name = Release;
		};
		607FACED1AFB9204008FA782 /* Debug */ = {
			isa = XCBuildConfiguration;
			buildSettings = {
				ALWAYS_SEARCH_USER_PATHS = NO;
				CLANG_ANALYZER_LOCALIZABILITY_NONLOCALIZED = YES;
				CLANG_CXX_LANGUAGE_STANDARD = "gnu++0x";
				CLANG_CXX_LIBRARY = "libc++";
				CLANG_ENABLE_MODULES = YES;
				CLANG_ENABLE_OBJC_ARC = YES;
				CLANG_WARN_BLOCK_CAPTURE_AUTORELEASING = YES;
				CLANG_WARN_BOOL_CONVERSION = YES;
				CLANG_WARN_COMMA = YES;
				CLANG_WARN_CONSTANT_CONVERSION = YES;
				CLANG_WARN_DEPRECATED_OBJC_IMPLEMENTATIONS = YES;
				CLANG_WARN_DIRECT_OBJC_ISA_USAGE = YES_ERROR;
				CLANG_WARN_EMPTY_BODY = YES;
				CLANG_WARN_ENUM_CONVERSION = YES;
				CLANG_WARN_INFINITE_RECURSION = YES;
				CLANG_WARN_INT_CONVERSION = YES;
				CLANG_WARN_NON_LITERAL_NULL_CONVERSION = YES;
				CLANG_WARN_OBJC_IMPLICIT_RETAIN_SELF = YES;
				CLANG_WARN_OBJC_LITERAL_CONVERSION = YES;
				CLANG_WARN_OBJC_ROOT_CLASS = YES_ERROR;
				CLANG_WARN_RANGE_LOOP_ANALYSIS = YES;
				CLANG_WARN_STRICT_PROTOTYPES = YES;
				CLANG_WARN_SUSPICIOUS_MOVE = YES;
				CLANG_WARN_UNREACHABLE_CODE = YES;
				CLANG_WARN__DUPLICATE_METHOD_MATCH = YES;
				"CODE_SIGN_IDENTITY[sdk=iphoneos*]" = "iPhone Developer";
				COPY_PHASE_STRIP = NO;
				DEBUG_INFORMATION_FORMAT = "dwarf-with-dsym";
				ENABLE_STRICT_OBJC_MSGSEND = YES;
				ENABLE_TESTABILITY = YES;
				GCC_C_LANGUAGE_STANDARD = gnu99;
				GCC_DYNAMIC_NO_PIC = NO;
				GCC_NO_COMMON_BLOCKS = YES;
				GCC_OPTIMIZATION_LEVEL = 0;
				GCC_PREPROCESSOR_DEFINITIONS = (
					"DEBUG=1",
					"$(inherited)",
				);
				GCC_SYMBOLS_PRIVATE_EXTERN = NO;
				GCC_WARN_64_TO_32_BIT_CONVERSION = YES;
				GCC_WARN_ABOUT_RETURN_TYPE = YES_ERROR;
				GCC_WARN_UNDECLARED_SELECTOR = YES;
				GCC_WARN_UNINITIALIZED_AUTOS = YES_AGGRESSIVE;
				GCC_WARN_UNUSED_FUNCTION = YES;
				GCC_WARN_UNUSED_VARIABLE = YES;
				IPHONEOS_DEPLOYMENT_TARGET = 9.3;
				MTL_ENABLE_DEBUG_INFO = YES;
				ONLY_ACTIVE_ARCH = YES;
				SDKROOT = iphoneos;
				SWIFT_OPTIMIZATION_LEVEL = "-Onone";
			};
			name = Debug;
		};
		607FACEE1AFB9204008FA782 /* Release */ = {
			isa = XCBuildConfiguration;
			buildSettings = {
				ALWAYS_SEARCH_USER_PATHS = NO;
				CLANG_ANALYZER_LOCALIZABILITY_NONLOCALIZED = YES;
				CLANG_CXX_LANGUAGE_STANDARD = "gnu++0x";
				CLANG_CXX_LIBRARY = "libc++";
				CLANG_ENABLE_MODULES = YES;
				CLANG_ENABLE_OBJC_ARC = YES;
				CLANG_WARN_BLOCK_CAPTURE_AUTORELEASING = YES;
				CLANG_WARN_BOOL_CONVERSION = YES;
				CLANG_WARN_COMMA = YES;
				CLANG_WARN_CONSTANT_CONVERSION = YES;
				CLANG_WARN_DEPRECATED_OBJC_IMPLEMENTATIONS = YES;
				CLANG_WARN_DIRECT_OBJC_ISA_USAGE = YES_ERROR;
				CLANG_WARN_EMPTY_BODY = YES;
				CLANG_WARN_ENUM_CONVERSION = YES;
				CLANG_WARN_INFINITE_RECURSION = YES;
				CLANG_WARN_INT_CONVERSION = YES;
				CLANG_WARN_NON_LITERAL_NULL_CONVERSION = YES;
				CLANG_WARN_OBJC_IMPLICIT_RETAIN_SELF = YES;
				CLANG_WARN_OBJC_LITERAL_CONVERSION = YES;
				CLANG_WARN_OBJC_ROOT_CLASS = YES_ERROR;
				CLANG_WARN_RANGE_LOOP_ANALYSIS = YES;
				CLANG_WARN_STRICT_PROTOTYPES = YES;
				CLANG_WARN_SUSPICIOUS_MOVE = YES;
				CLANG_WARN_UNREACHABLE_CODE = YES;
				CLANG_WARN__DUPLICATE_METHOD_MATCH = YES;
				"CODE_SIGN_IDENTITY[sdk=iphoneos*]" = "iPhone Developer";
				COPY_PHASE_STRIP = NO;
				DEBUG_INFORMATION_FORMAT = "dwarf-with-dsym";
				ENABLE_NS_ASSERTIONS = NO;
				ENABLE_STRICT_OBJC_MSGSEND = YES;
				GCC_C_LANGUAGE_STANDARD = gnu99;
				GCC_NO_COMMON_BLOCKS = YES;
				GCC_WARN_64_TO_32_BIT_CONVERSION = YES;
				GCC_WARN_ABOUT_RETURN_TYPE = YES_ERROR;
				GCC_WARN_UNDECLARED_SELECTOR = YES;
				GCC_WARN_UNINITIALIZED_AUTOS = YES_AGGRESSIVE;
				GCC_WARN_UNUSED_FUNCTION = YES;
				GCC_WARN_UNUSED_VARIABLE = YES;
				IPHONEOS_DEPLOYMENT_TARGET = 9.3;
				MTL_ENABLE_DEBUG_INFO = NO;
				SDKROOT = iphoneos;
				SWIFT_OPTIMIZATION_LEVEL = "-Owholemodule";
				VALIDATE_PRODUCT = YES;
			};
			name = Release;
		};
		607FACF01AFB9204008FA782 /* Debug */ = {
			isa = XCBuildConfiguration;
			baseConfigurationReference = 3735470541D724B9B037A565 /* Pods-Skylark_Example.debug.xcconfig */;
			buildSettings = {
				ASSETCATALOG_COMPILER_APPICON_NAME = AppIcon;
				INFOPLIST_FILE = Skylark/Info.plist;
				LD_RUNPATH_SEARCH_PATHS = "$(inherited) @executable_path/Frameworks";
				MODULE_NAME = ExampleApp;
				PRODUCT_BUNDLE_IDENTIFIER = "org.cocoapods.demo.$(PRODUCT_NAME:rfc1034identifier)";
				PRODUCT_NAME = "$(TARGET_NAME)";
				SWIFT_VERSION = 5.0;
			};
			name = Debug;
		};
		607FACF11AFB9204008FA782 /* Release */ = {
			isa = XCBuildConfiguration;
			baseConfigurationReference = D2F63A5054D34E96EE3EA726 /* Pods-Skylark_Example.release.xcconfig */;
			buildSettings = {
				ASSETCATALOG_COMPILER_APPICON_NAME = AppIcon;
				INFOPLIST_FILE = Skylark/Info.plist;
				LD_RUNPATH_SEARCH_PATHS = "$(inherited) @executable_path/Frameworks";
				MODULE_NAME = ExampleApp;
				PRODUCT_BUNDLE_IDENTIFIER = "org.cocoapods.demo.$(PRODUCT_NAME:rfc1034identifier)";
				PRODUCT_NAME = "$(TARGET_NAME)";
				SWIFT_VERSION = 5.0;
			};
			name = Release;
		};
/* End XCBuildConfiguration section */

/* Begin XCConfigurationList section */
		13E09BAB21701C6A00E5796E /* Build configuration list for PBXNativeTarget "Skylark_UITests" */ = {
			isa = XCConfigurationList;
			buildConfigurations = (
				13E09BAC21701C6A00E5796E /* Debug */,
				13E09BAD21701C6A00E5796E /* Release */,
			);
			defaultConfigurationIsVisible = 0;
			defaultConfigurationName = Release;
		};
		607FACCB1AFB9204008FA782 /* Build configuration list for PBXProject "Skylark" */ = {
			isa = XCConfigurationList;
			buildConfigurations = (
				607FACED1AFB9204008FA782 /* Debug */,
				607FACEE1AFB9204008FA782 /* Release */,
			);
			defaultConfigurationIsVisible = 0;
			defaultConfigurationName = Release;
		};
		607FACEF1AFB9204008FA782 /* Build configuration list for PBXNativeTarget "Skylark_Example" */ = {
			isa = XCConfigurationList;
			buildConfigurations = (
				607FACF01AFB9204008FA782 /* Debug */,
				607FACF11AFB9204008FA782 /* Release */,
			);
			defaultConfigurationIsVisible = 0;
			defaultConfigurationName = Release;
		};
/* End XCConfigurationList section */
	};
	rootObject = 607FACC81AFB9204008FA782 /* Project object */;
}
